{
  "name": "postgres-test",
  "version": "1.0.0",
  "lockfileVersion": 2,
  "requires": true,
  "packages": {
    "": {
      "name": "postgres-test",
      "version": "1.0.0",
      "license": "ISC",
      "dependencies": {
        "@dbml/core": "^2.4.1",
        "postgres": "^3.2.2"
      }
    },
    "node_modules/@dbml/core": {
      "version": "2.4.1",
      "resolved": "https://registry.npmjs.org/@dbml/core/-/core-2.4.1.tgz",
      "integrity": "sha512-+xZ37nIJW3zxDpcyPZ5B1rbhKU9NxtrkJvNe9ksjX4Til4jMBOYYaUIoZ3u5uLc4KIutVocfh3PjtpH7mChBfg==",
      "dependencies": {
        "lodash": "^4.17.15",
        "parsimmon": "^1.13.0",
        "pluralize": "^8.0.0"
      }
    },
    "node_modules/lodash": {
      "version": "4.17.21",
      "resolved": "https://registry.npmjs.org/lodash/-/lodash-4.17.21.tgz",
      "integrity": "sha512-v2kDEe57lecTulaDIuNTPy3Ry4gLGJ6Z1O3vE1krgXZNrsQ+LFTGHVxVjcXPs17LhbZVGedAJv8XZ1tvj5FvSg=="
    },
    "node_modules/parsimmon": {
      "version": "1.18.1",
      "resolved": "https://registry.npmjs.org/parsimmon/-/parsimmon-1.18.1.tgz",
      "integrity": "sha512-u7p959wLfGAhJpSDJVYXoyMCXWYwHia78HhRBWqk7AIbxdmlrfdp5wX0l3xv/iTSH5HvhN9K7o26hwwpgS5Nmw=="
    },
    "node_modules/pluralize": {
      "version": "8.0.0",
      "resolved": "https://registry.npmjs.org/pluralize/-/pluralize-8.0.0.tgz",
      "integrity": "sha512-Nc3IT5yHzflTfbjgqWcCPpo7DaKy4FnpB0l/zCAW0Tc7jxAiuqSxHasntB3D7887LSrA93kDJ9IXovxJYxyLCA==",
      "engines": {
        "node": ">=4"
      }
    },
    "node_modules/postgres": {
      "version": "3.2.2",
      "resolved": "https://registry.npmjs.org/postgres/-/postgres-3.2.2.tgz",
      "integrity": "sha512-/pHzuhHkIV5jxuAt+nV5XgEbsioa5hbvvIDoghY2IGos8JTTBxKjWM9mZpiB3EsGZJOpr22r1UkVr3bYJlVmGw==",
      "funding": {
        "type": "individual",
        "url": "https://github.com/sponsors/porsager"
      }
    }
  },
  "dependencies": {
    "@dbml/core": {
      "version": "2.4.1",
      "resolved": "https://registry.npmjs.org/@dbml/core/-/core-2.4.1.tgz",
      "integrity": "sha512-+xZ37nIJW3zxDpcyPZ5B1rbhKU9NxtrkJvNe9ksjX4Til4jMBOYYaUIoZ3u5uLc4KIutVocfh3PjtpH7mChBfg==",
      "requires": {
        "lodash": "^4.17.15",
        "parsimmon": "^1.13.0",
        "pluralize": "^8.0.0"
      }
    },
    "lodash": {
      "version": "4.17.21",
      "resolved": "https://registry.npmjs.org/lodash/-/lodash-4.17.21.tgz",
      "integrity": "sha512-v2kDEe57lecTulaDIuNTPy3Ry4gLGJ6Z1O3vE1krgXZNrsQ+LFTGHVxVjcXPs17LhbZVGedAJv8XZ1tvj5FvSg=="
    },
    "parsimmon": {
      "version": "1.18.1",
      "resolved": "https://registry.npmjs.org/parsimmon/-/parsimmon-1.18.1.tgz",
      "integrity": "sha512-u7p959wLfGAhJpSDJVYXoyMCXWYwHia78HhRBWqk7AIbxdmlrfdp5wX0l3xv/iTSH5HvhN9K7o26hwwpgS5Nmw=="
    },
    "pluralize": {
      "version": "8.0.0",
      "resolved": "https://registry.npmjs.org/pluralize/-/pluralize-8.0.0.tgz",
      "integrity": "sha512-Nc3IT5yHzflTfbjgqWcCPpo7DaKy4FnpB0l/zCAW0Tc7jxAiuqSxHasntB3D7887LSrA93kDJ9IXovxJYxyLCA=="
    },
    "postgres": {
      "version": "3.2.2",
      "resolved": "https://registry.npmjs.org/postgres/-/postgres-3.2.2.tgz",
      "integrity": "sha512-/pHzuhHkIV5jxuAt+nV5XgEbsioa5hbvvIDoghY2IGos8JTTBxKjWM9mZpiB3EsGZJOpr22r1UkVr3bYJlVmGw=="
    }
  }
}
